
Microsoft Visual Studio Solution File, Format Version 12.00
# Visual Studio 14
VisualStudioVersion = 14.0.23107.0
MinimumVisualStudioVersion = 10.0.40219.1
Project("{FAE04EC0-301F-11D3-BF4B-00C04F79EFBC}") = "Domain", "Domain\Domain.csproj", "{353E5BC9-003F-4CE0-9605-F5CF386808BF}"
EndProject
Project("{FAE04EC0-301F-11D3-BF4B-00C04F79EFBC}") = "WebUI", "WebUI\WebUI.csproj", "{640BDFBE-AF96-489E-BB49-2C2911E0CC52}"
EndProject
Project("{FAE04EC0-301F-11D3-BF4B-00C04F79EFBC}") = "Repository", "Repository\Repository.csproj", "{BF1A3FAF-72C2-4D0D-BBB0-8F3AD1F92B3B}"
EndProject
Project("{FAE04EC0-301F-11D3-BF4B-00C04F79EFBC}") = "UnitTests", "UnitTests\UnitTests.csproj", "{97620938-8892-49A4-A9D2-22290B32CC9C}"
EndProject
Project("{FAE04EC0-301F-11D3-BF4B-00C04F79EFBC}") = "Service", "Service\Service.csproj", "{602C7233-E902-457B-AEDC-7766F546441F}"
EndProject
Global
	GlobalSection(SolutionConfigurationPlatforms) = preSolution
		Debug|Any CPU = Debug|Any CPU
		Release|Any CPU = Release|Any CPU
	EndGlobalSection
	GlobalSection(ProjectConfigurationPlatforms) = postSolution
		{353E5BC9-003F-4CE0-9605-F5CF386808BF}.Debug|Any CPU.ActiveCfg = Debug|Any CPU
		{353E5BC9-003F-4CE0-9605-F5CF386808BF}.Debug|Any CPU.Build.0 = Debug|Any CPU
		{353E5BC9-003F-4CE0-9605-F5CF386808BF}.Release|Any CPU.ActiveCfg = Release|Any CPU
		{353E5BC9-003F-4CE0-9605-F5CF386808BF}.Release|Any CPU.Build.0 = Release|Any CPU
		{640BDFBE-AF96-489E-BB49-2C2911E0CC52}.Debug|Any CPU.ActiveCfg = Debug|Any CPU
		{640BDFBE-AF96-489E-BB49-2C2911E0CC52}.Debug|Any CPU.Build.0 = Debug|Any CPU
		{640BDFBE-AF96-489E-BB49-2C2911E0CC52}.Release|Any CPU.ActiveCfg = Release|Any CPU
		{640BDFBE-AF96-489E-BB49-2C2911E0CC52}.Release|Any CPU.Build.0 = Release|Any CPU
		{BF1A3FAF-72C2-4D0D-BBB0-8F3AD1F92B3B}.Debug|Any CPU.ActiveCfg = Debug|Any CPU
		{BF1A3FAF-72C2-4D0D-BBB0-8F3AD1F92B3B}.Debug|Any CPU.Build.0 = Debug|Any CPU
		{BF1A3FAF-72C2-4D0D-BBB0-8F3AD1F92B3B}.Release|Any CPU.ActiveCfg = Release|Any CPU
		{BF1A3FAF-72C2-4D0D-BBB0-8F3AD1F92B3B}.Release|Any CPU.Build.0 = Release|Any CPU
		{97620938-8892-49A4-A9D2-22290B32CC9C}.Debug|Any CPU.ActiveCfg = Debug|Any CPU
		{97620938-8892-49A4-A9D2-22290B32CC9C}.Debug|Any CPU.Build.0 = Debug|Any CPU
		{97620938-8892-49A4-A9D2-22290B32CC9C}.Release|Any CPU.ActiveCfg = Release|Any CPU
		{97620938-8892-49A4-A9D2-22290B32CC9C}.Release|Any CPU.Build.0 = Release|Any CPU
		{602C7233-E902-457B-AEDC-7766F546441F}.Debug|Any CPU.ActiveCfg = Debug|Any CPU
		{602C7233-E902-457B-AEDC-7766F546441F}.Debug|Any CPU.Build.0 = Debug|Any CPU
		{602C7233-E902-457B-AEDC-7766F546441F}.Release|Any CPU.ActiveCfg = Release|Any CPU
		{602C7233-E902-457B-AEDC-7766F546441F}.Release|Any CPU.Build.0 = Release|Any CPU
	EndGlobalSection
	GlobalSection(SolutionProperties) = preSolution
		HideSolutionNode = FALSE
	EndGlobalSection
EndGlobal
